
Microsoft Visual Studio Solution File, Format Version 12.00
# Visual Studio 15
VisualStudioVersion = 15.0.28307.1401
MinimumVisualStudioVersion = 10.0.40219.1
Project("{FAE04EC0-301F-11D3-BF4B-00C04F79EFBC}") = "SubversionToGit", "SubversionToGit\SubversionToGit.csproj", "{4EEF22D4-338B-45C7-8A4E-759DB9255818}"
EndProject
Global
	GlobalSection(SolutionConfigurationPlatforms) = preSolution
		Debug|Any CPU = Debug|Any CPU
		Release|Any CPU = Release|Any CPU
	EndGlobalSection
	GlobalSection(ProjectConfigurationPlatforms) = postSolution
		{4EEF22D4-338B-45C7-8A4E-759DB9255818}.Debug|Any CPU.ActiveCfg = Debug|Any CPU
		{4EEF22D4-338B-45C7-8A4E-759DB9255818}.Debug|Any CPU.Build.0 = Debug|Any CPU
		{4EEF22D4-338B-45C7-8A4E-759DB9255818}.Release|Any CPU.ActiveCfg = Release|Any CPU
		{4EEF22D4-338B-45C7-8A4E-759DB9255818}.Release|Any CPU.Build.0 = Release|Any CPU
	EndGlobalSection
	GlobalSection(SolutionProperties) = preSolution
		HideSolutionNode = FALSE
	EndGlobalSection
	GlobalSection(ExtensibilityGlobals) = postSolution
		SolutionGuid = {8F3AD4BA-0144-4CD8-AD52-654B3D7D23E7}
	EndGlobalSection
EndGlobal
